
Microsoft Visual Studio Solution File, Format Version 12.00
Project("{FAE04EC0-301F-11D3-BF4B-00C04F79EFBC}") = "GuitarApp", "GuitarApp\GuitarApp.csproj", "{682703BB-C71A-4EF9-BC22-0E2D54853848}"
EndProject
Global
	GlobalSection(SolutionConfigurationPlatforms) = preSolution
		Debug|Any CPU = Debug|Any CPU
		Release|Any CPU = Release|Any CPU
	EndGlobalSection
	GlobalSection(ProjectConfigurationPlatforms) = postSolution
		{682703BB-C71A-4EF9-BC22-0E2D54853848}.Debug|Any CPU.ActiveCfg = Debug|Any CPU
		{682703BB-C71A-4EF9-BC22-0E2D54853848}.Debug|Any CPU.Build.0 = Debug|Any CPU
		{682703BB-C71A-4EF9-BC22-0E2D54853848}.Release|Any CPU.ActiveCfg = Release|Any CPU
		{682703BB-C71A-4EF9-BC22-0E2D54853848}.Release|Any CPU.Build.0 = Release|Any CPU
	EndGlobalSection
EndGlobal
